
Microsoft Visual Studio Solution File, Format Version 12.00
Project("{FAE04EC0-301F-11D3-BF4B-00C04F79EFBC}") = "ATMBankSimulation", "ATMBankSimulation\ATMBankSimulation.csproj", "{9154FCF6-5020-49E4-9229-B58C42FDF014}"
EndProject
Global
	GlobalSection(SolutionConfigurationPlatforms) = preSolution
		Debug|Any CPU = Debug|Any CPU
		Release|Any CPU = Release|Any CPU
	EndGlobalSection
	GlobalSection(ProjectConfigurationPlatforms) = postSolution
		{9154FCF6-5020-49E4-9229-B58C42FDF014}.Debug|Any CPU.ActiveCfg = Debug|Any CPU
		{9154FCF6-5020-49E4-9229-B58C42FDF014}.Debug|Any CPU.Build.0 = Debug|Any CPU
		{9154FCF6-5020-49E4-9229-B58C42FDF014}.Release|Any CPU.ActiveCfg = Release|Any CPU
		{9154FCF6-5020-49E4-9229-B58C42FDF014}.Release|Any CPU.Build.0 = Release|Any CPU
	EndGlobalSection
EndGlobal
