
Microsoft Visual Studio Solution File, Format Version 12.00
# Visual Studio 15
VisualStudioVersion = 15.0.27703.2018
MinimumVisualStudioVersion = 10.0.40219.1
Project("{FAE04EC0-301F-11D3-BF4B-00C04F79EFBC}") = "ConsoleApp4", "ConsoleApp4\ConsoleApp4.csproj", "{849D8D35-D459-4B89-979D-2F8538776031}"
EndProject
Global
	GlobalSection(SolutionConfigurationPlatforms) = preSolution
		Debug|Any CPU = Debug|Any CPU
		Release|Any CPU = Release|Any CPU
	EndGlobalSection
	GlobalSection(ProjectConfigurationPlatforms) = postSolution
		{849D8D35-D459-4B89-979D-2F8538776031}.Debug|Any CPU.ActiveCfg = Debug|Any CPU
		{849D8D35-D459-4B89-979D-2F8538776031}.Debug|Any CPU.Build.0 = Debug|Any CPU
		{849D8D35-D459-4B89-979D-2F8538776031}.Release|Any CPU.ActiveCfg = Release|Any CPU
		{849D8D35-D459-4B89-979D-2F8538776031}.Release|Any CPU.Build.0 = Release|Any CPU
	EndGlobalSection
	GlobalSection(SolutionProperties) = preSolution
		HideSolutionNode = FALSE
	EndGlobalSection
	GlobalSection(ExtensibilityGlobals) = postSolution
		SolutionGuid = {89B86FDE-FC8C-485D-9A13-64B535CFBC48}
	EndGlobalSection
EndGlobal
